
Microsoft Visual Studio Solution File, Format Version 12.00
# Visual Studio Version 16
VisualStudioVersion = 16.0.31515.178
MinimumVisualStudioVersion = 10.0.40219.1
Project("{FAE04EC0-301F-11D3-BF4B-00C04F79EFBC}") = "stockbot", "stockbot\stockbot.csproj", "{C2F3F998-C4BB-46BC-9CF2-04799A4FA41E}"
EndProject
Global
	GlobalSection(SolutionConfigurationPlatforms) = preSolution
		Debug|Any CPU = Debug|Any CPU
		Release|Any CPU = Release|Any CPU
	EndGlobalSection
	GlobalSection(ProjectConfigurationPlatforms) = postSolution
		{C2F3F998-C4BB-46BC-9CF2-04799A4FA41E}.Debug|Any CPU.ActiveCfg = Debug|Any CPU
		{C2F3F998-C4BB-46BC-9CF2-04799A4FA41E}.Debug|Any CPU.Build.0 = Debug|Any CPU
		{C2F3F998-C4BB-46BC-9CF2-04799A4FA41E}.Release|Any CPU.ActiveCfg = Release|Any CPU
		{C2F3F998-C4BB-46BC-9CF2-04799A4FA41E}.Release|Any CPU.Build.0 = Release|Any CPU
	EndGlobalSection
	GlobalSection(SolutionProperties) = preSolution
		HideSolutionNode = FALSE
	EndGlobalSection
	GlobalSection(ExtensibilityGlobals) = postSolution
		SolutionGuid = {41947E29-4E1E-4567-8A9C-C896074759A0}
	EndGlobalSection
EndGlobal
